// !$*UTF8*$!
{
	archiveVersion = 1;
	classes = {
	};
	objectVersion = 56;
	objects = {

/* Begin PBXBuildFile section */
		2751197A2B3ED80F00C25CA3 /* AppDelegate.swift in Sources */ = {isa = PBXBuildFile; fileRef = 275119792B3ED80F00C25CA3 /* AppDelegate.swift */; };
		275119832B3ED80F00C25CA3 /* Assets.xcassets in Resources */ = {isa = PBXBuildFile; fileRef = 275119822B3ED80F00C25CA3 /* Assets.xcassets */; };
		275119862B3ED80F00C25CA3 /* LaunchScreen.storyboard in Resources */ = {isa = PBXBuildFile; fileRef = 275119842B3ED80F00C25CA3 /* LaunchScreen.storyboard */; };
		275119912B3ED81000C25CA3 /* mlmoviesdbTests.swift in Sources */ = {isa = PBXBuildFile; fileRef = 275119902B3ED81000C25CA3 /* mlmoviesdbTests.swift */; };
		2751199B2B3ED81000C25CA3 /* mlmoviesdbUITests.swift in Sources */ = {isa = PBXBuildFile; fileRef = 2751199A2B3ED81000C25CA3 /* mlmoviesdbUITests.swift */; };
		2751199D2B3ED81000C25CA3 /* mlmoviesdbUITestsLaunchTests.swift in Sources */ = {isa = PBXBuildFile; fileRef = 2751199C2B3ED81000C25CA3 /* mlmoviesdbUITestsLaunchTests.swift */; };
		275119AC2B3EE2D400C25CA3 /* MainViewController.swift in Sources */ = {isa = PBXBuildFile; fileRef = 275119AA2B3EE2D400C25CA3 /* MainViewController.swift */; };
		275119AD2B3EE2D400C25CA3 /* MainViewController.xib in Resources */ = {isa = PBXBuildFile; fileRef = 275119AB2B3EE2D400C25CA3 /* MainViewController.xib */; };
		275119B72B3EFAF100C25CA3 /* MainViewController+TableView.swift in Sources */ = {isa = PBXBuildFile; fileRef = 275119B62B3EFAF100C25CA3 /* MainViewController+TableView.swift */; };
		275119B92B3F15CC00C25CA3 /* MainViewModel.swift in Sources */ = {isa = PBXBuildFile; fileRef = 275119B82B3F15CC00C25CA3 /* MainViewModel.swift */; };
		275119BB2B40243E00C25CA3 /* NetworkConstant.swift in Sources */ = {isa = PBXBuildFile; fileRef = 275119BA2B40243E00C25CA3 /* NetworkConstant.swift */; };
		275119BD2B4024D500C25CA3 /* APICaller.swift in Sources */ = {isa = PBXBuildFile; fileRef = 275119BC2B4024D500C25CA3 /* APICaller.swift */; };
		275119BF2B4024FE00C25CA3 /* NetworkError.swift in Sources */ = {isa = PBXBuildFile; fileRef = 275119BE2B4024FE00C25CA3 /* NetworkError.swift */; };
		275119C12B418FCC00C25CA3 /* TrendingMovieModel.swift in Sources */ = {isa = PBXBuildFile; fileRef = 275119C02B418FCC00C25CA3 /* TrendingMovieModel.swift */; };
		2784AD6C2B4CCD3600084FBE /* Observable.swift in Sources */ = {isa = PBXBuildFile; fileRef = 2784AD6B2B4CCD3600084FBE /* Observable.swift */; };
		27A64A042B8653C700C18F36 /* MainMovieCell.swift in Sources */ = {isa = PBXBuildFile; fileRef = 27A64A022B8653C700C18F36 /* MainMovieCell.swift */; };
		27A64A052B8653C700C18F36 /* MainMovieCell.xib in Resources */ = {isa = PBXBuildFile; fileRef = 27A64A032B8653C700C18F36 /* MainMovieCell.xib */; };
		27A64A072B86592200C18F36 /* UIViewExtension.swift in Sources */ = {isa = PBXBuildFile; fileRef = 27A64A062B86592200C18F36 /* UIViewExtension.swift */; };
		27A64A092B866EF800C18F36 /* MovieTableCellViewModel.swift in Sources */ = {isa = PBXBuildFile; fileRef = 27A64A082B866EF800C18F36 /* MovieTableCellViewModel.swift */; };
		27A64A192B86D07900C18F36 /* ImageFetcher.swift in Sources */ = {isa = PBXBuildFile; fileRef = 27A64A182B86D07900C18F36 /* ImageFetcher.swift */; };
		27A64A1B2B86D11A00C18F36 /* URLSessionProtocol.swift in Sources */ = {isa = PBXBuildFile; fileRef = 27A64A1A2B86D11A00C18F36 /* URLSessionProtocol.swift */; };
		27A64A1D2B86D15D00C18F36 /* CachedDefaultConfig.swift in Sources */ = {isa = PBXBuildFile; fileRef = 27A64A1C2B86D15D00C18F36 /* CachedDefaultConfig.swift */; };
/* End PBXBuildFile section */

/* Begin PBXContainerItemProxy section */
		2751198D2B3ED81000C25CA3 /* PBXContainerItemProxy */ = {
			isa = PBXContainerItemProxy;
			containerPortal = 2751196E2B3ED80E00C25CA3 /* Project object */;
			proxyType = 1;
			remoteGlobalIDString = 275119752B3ED80E00C25CA3;
			remoteInfo = mlmoviesdb;
		};
		275119972B3ED81000C25CA3 /* PBXContainerItemProxy */ = {
			isa = PBXContainerItemProxy;
			containerPortal = 2751196E2B3ED80E00C25CA3 /* Project object */;
			proxyType = 1;
			remoteGlobalIDString = 275119752B3ED80E00C25CA3;
			remoteInfo = mlmoviesdb;
		};
/* End PBXContainerItemProxy section */

/* Begin PBXFileReference section */
		275119762B3ED80E00C25CA3 /* mlmoviesdb.app */ = {isa = PBXFileReference; explicitFileType = wrapper.application; includeInIndex = 0; path = mlmoviesdb.app; sourceTree = BUILT_PRODUCTS_DIR; };
		275119792B3ED80F00C25CA3 /* AppDelegate.swift */ = {isa = PBXFileReference; lastKnownFileType = sourcecode.swift; path = AppDelegate.swift; sourceTree = "<group>"; };
		275119822B3ED80F00C25CA3 /* Assets.xcassets */ = {isa = PBXFileReference; lastKnownFileType = folder.assetcatalog; path = Assets.xcassets; sourceTree = "<group>"; };
		275119852B3ED80F00C25CA3 /* Base */ = {isa = PBXFileReference; lastKnownFileType = file.storyboard; name = Base; path = Base.lproj/LaunchScreen.storyboard; sourceTree = "<group>"; };
		275119872B3ED80F00C25CA3 /* Info.plist */ = {isa = PBXFileReference; lastKnownFileType = text.plist.xml; path = Info.plist; sourceTree = "<group>"; };
		2751198C2B3ED81000C25CA3 /* mlmoviesdbTests.xctest */ = {isa = PBXFileReference; explicitFileType = wrapper.cfbundle; includeInIndex = 0; path = mlmoviesdbTests.xctest; sourceTree = BUILT_PRODUCTS_DIR; };
		275119902B3ED81000C25CA3 /* mlmoviesdbTests.swift */ = {isa = PBXFileReference; lastKnownFileType = sourcecode.swift; path = mlmoviesdbTests.swift; sourceTree = "<group>"; };
		275119962B3ED81000C25CA3 /* mlmoviesdbUITests.xctest */ = {isa = PBXFileReference; explicitFileType = wrapper.cfbundle; includeInIndex = 0; path = mlmoviesdbUITests.xctest; sourceTree = BUILT_PRODUCTS_DIR; };
		2751199A2B3ED81000C25CA3 /* mlmoviesdbUITests.swift */ = {isa = PBXFileReference; lastKnownFileType = sourcecode.swift; path = mlmoviesdbUITests.swift; sourceTree = "<group>"; };
		2751199C2B3ED81000C25CA3 /* mlmoviesdbUITestsLaunchTests.swift */ = {isa = PBXFileReference; lastKnownFileType = sourcecode.swift; path = mlmoviesdbUITestsLaunchTests.swift; sourceTree = "<group>"; };
		275119AA2B3EE2D400C25CA3 /* MainViewController.swift */ = {isa = PBXFileReference; lastKnownFileType = sourcecode.swift; path = MainViewController.swift; sourceTree = "<group>"; };
		275119AB2B3EE2D400C25CA3 /* MainViewController.xib */ = {isa = PBXFileReference; lastKnownFileType = file.xib; path = MainViewController.xib; sourceTree = "<group>"; };
		275119B62B3EFAF100C25CA3 /* MainViewController+TableView.swift */ = {isa = PBXFileReference; lastKnownFileType = sourcecode.swift; path = "MainViewController+TableView.swift"; sourceTree = "<group>"; };
		275119B82B3F15CC00C25CA3 /* MainViewModel.swift */ = {isa = PBXFileReference; lastKnownFileType = sourcecode.swift; path = MainViewModel.swift; sourceTree = "<group>"; };
		275119BA2B40243E00C25CA3 /* NetworkConstant.swift */ = {isa = PBXFileReference; lastKnownFileType = sourcecode.swift; path = NetworkConstant.swift; sourceTree = "<group>"; };
		275119BC2B4024D500C25CA3 /* APICaller.swift */ = {isa = PBXFileReference; lastKnownFileType = sourcecode.swift; path = APICaller.swift; sourceTree = "<group>"; };
		275119BE2B4024FE00C25CA3 /* NetworkError.swift */ = {isa = PBXFileReference; lastKnownFileType = sourcecode.swift; path = NetworkError.swift; sourceTree = "<group>"; };
		275119C02B418FCC00C25CA3 /* TrendingMovieModel.swift */ = {isa = PBXFileReference; lastKnownFileType = sourcecode.swift; path = TrendingMovieModel.swift; sourceTree = "<group>"; };
		2784AD6B2B4CCD3600084FBE /* Observable.swift */ = {isa = PBXFileReference; lastKnownFileType = sourcecode.swift; name = Observable.swift; path = mlmoviesdb/Observable.swift; sourceTree = SOURCE_ROOT; };
		27A64A022B8653C700C18F36 /* MainMovieCell.swift */ = {isa = PBXFileReference; lastKnownFileType = sourcecode.swift; path = MainMovieCell.swift; sourceTree = "<group>"; };
		27A64A032B8653C700C18F36 /* MainMovieCell.xib */ = {isa = PBXFileReference; lastKnownFileType = file.xib; path = MainMovieCell.xib; sourceTree = "<group>"; };
		27A64A062B86592200C18F36 /* UIViewExtension.swift */ = {isa = PBXFileReference; lastKnownFileType = sourcecode.swift; path = UIViewExtension.swift; sourceTree = "<group>"; };
		27A64A082B866EF800C18F36 /* MovieTableCellViewModel.swift */ = {isa = PBXFileReference; lastKnownFileType = sourcecode.swift; path = MovieTableCellViewModel.swift; sourceTree = "<group>"; };
		27A64A182B86D07900C18F36 /* ImageFetcher.swift */ = {isa = PBXFileReference; lastKnownFileType = sourcecode.swift; path = ImageFetcher.swift; sourceTree = "<group>"; };
		27A64A1A2B86D11A00C18F36 /* URLSessionProtocol.swift */ = {isa = PBXFileReference; lastKnownFileType = sourcecode.swift; path = URLSessionProtocol.swift; sourceTree = "<group>"; };
		27A64A1C2B86D15D00C18F36 /* CachedDefaultConfig.swift */ = {isa = PBXFileReference; lastKnownFileType = sourcecode.swift; path = CachedDefaultConfig.swift; sourceTree = "<group>"; };
/* End PBXFileReference section */

/* Begin PBXFrameworksBuildPhase section */
		275119732B3ED80E00C25CA3 /* Frameworks */ = {
			isa = PBXFrameworksBuildPhase;
			buildActionMask = 2147483647;
			files = (
			);
			runOnlyForDeploymentPostprocessing = 0;
		};
		275119892B3ED81000C25CA3 /* Frameworks */ = {
			isa = PBXFrameworksBuildPhase;
			buildActionMask = 2147483647;
			files = (
			);
			runOnlyForDeploymentPostprocessing = 0;
		};
		275119932B3ED81000C25CA3 /* Frameworks */ = {
			isa = PBXFrameworksBuildPhase;
			buildActionMask = 2147483647;
			files = (
			);
			runOnlyForDeploymentPostprocessing = 0;
		};
/* End PBXFrameworksBuildPhase section */

/* Begin PBXGroup section */
		2751196D2B3ED80E00C25CA3 = {
			isa = PBXGroup;
			children = (
				275119782B3ED80F00C25CA3 /* mlmoviesdb */,
				2751198F2B3ED81000C25CA3 /* mlmoviesdbTests */,
				275119992B3ED81000C25CA3 /* mlmoviesdbUITests */,
				275119772B3ED80E00C25CA3 /* Products */,
				27A64A122B86778D00C18F36 /* Frameworks */,
			);
			sourceTree = "<group>";
		};
		275119772B3ED80E00C25CA3 /* Products */ = {
			isa = PBXGroup;
			children = (
				275119762B3ED80E00C25CA3 /* mlmoviesdb.app */,
				2751198C2B3ED81000C25CA3 /* mlmoviesdbTests.xctest */,
				275119962B3ED81000C25CA3 /* mlmoviesdbUITests.xctest */,
			);
			name = Products;
			sourceTree = "<group>";
		};
		275119782B3ED80F00C25CA3 /* mlmoviesdb */ = {
			isa = PBXGroup;
			children = (
				27A64A172B86D00D00C18F36 /* Utils */,
				275119B52B3EF2F200C25CA3 /* Networking */,
				275119B42B3EF2D600C25CA3 /* Extensions */,
				275119B32B3EF2C000C25CA3 /* Resources */,
				275119B22B3EF29C00C25CA3 /* ViewModels */,
				275119B12B3EF29300C25CA3 /* Views */,
				275119B02B3EF28100C25CA3 /* Models */,
				275119AF2B3EF26F00C25CA3 /* Controllers */,
				275119AE2B3EF26600C25CA3 /* Classes */,
				275119792B3ED80F00C25CA3 /* AppDelegate.swift */,
				275119872B3ED80F00C25CA3 /* Info.plist */,
			);
			path = mlmoviesdb;
			sourceTree = "<group>";
		};
		2751198F2B3ED81000C25CA3 /* mlmoviesdbTests */ = {
			isa = PBXGroup;
			children = (
				275119902B3ED81000C25CA3 /* mlmoviesdbTests.swift */,
			);
			path = mlmoviesdbTests;
			sourceTree = "<group>";
		};
		275119992B3ED81000C25CA3 /* mlmoviesdbUITests */ = {
			isa = PBXGroup;
			children = (
				2751199A2B3ED81000C25CA3 /* mlmoviesdbUITests.swift */,
				2751199C2B3ED81000C25CA3 /* mlmoviesdbUITestsLaunchTests.swift */,
			);
			path = mlmoviesdbUITests;
			sourceTree = "<group>";
		};
		275119A92B3EE29400C25CA3 /* MainViewController */ = {
			isa = PBXGroup;
			children = (
				275119AA2B3EE2D400C25CA3 /* MainViewController.swift */,
				275119AB2B3EE2D400C25CA3 /* MainViewController.xib */,
				275119B62B3EFAF100C25CA3 /* MainViewController+TableView.swift */,
			);
			path = MainViewController;
			sourceTree = "<group>";
		};
		275119AE2B3EF26600C25CA3 /* Classes */ = {
			isa = PBXGroup;
			children = (
				2784AD6B2B4CCD3600084FBE /* Observable.swift */,
			);
			path = Classes;
			sourceTree = "<group>";
		};
		275119AF2B3EF26F00C25CA3 /* Controllers */ = {
			isa = PBXGroup;
			children = (
				275119A92B3EE29400C25CA3 /* MainViewController */,
			);
			path = Controllers;
			sourceTree = "<group>";
		};
		275119B02B3EF28100C25CA3 /* Models */ = {
			isa = PBXGroup;
			children = (
				275119C02B418FCC00C25CA3 /* TrendingMovieModel.swift */,
			);
			path = Models;
			sourceTree = "<group>";
		};
		275119B12B3EF29300C25CA3 /* Views */ = {
			isa = PBXGroup;
			children = (
				27A64A012B86539900C18F36 /* MainMovieCell */,
				275119842B3ED80F00C25CA3 /* LaunchScreen.storyboard */,
			);
			path = Views;
			sourceTree = "<group>";
		};
		275119B22B3EF29C00C25CA3 /* ViewModels */ = {
			isa = PBXGroup;
			children = (
				275119B82B3F15CC00C25CA3 /* MainViewModel.swift */,
				27A64A082B866EF800C18F36 /* MovieTableCellViewModel.swift */,
			);
			path = ViewModels;
			sourceTree = "<group>";
		};
		275119B32B3EF2C000C25CA3 /* Resources */ = {
			isa = PBXGroup;
			children = (
				275119822B3ED80F00C25CA3 /* Assets.xcassets */,
			);
			path = Resources;
			sourceTree = "<group>";
		};
		275119B42B3EF2D600C25CA3 /* Extensions */ = {
			isa = PBXGroup;
			children = (
				27A64A062B86592200C18F36 /* UIViewExtension.swift */,
			);
			path = Extensions;
			sourceTree = "<group>";
		};
		275119B52B3EF2F200C25CA3 /* Networking */ = {
			isa = PBXGroup;
			children = (
				275119BA2B40243E00C25CA3 /* NetworkConstant.swift */,
				275119BC2B4024D500C25CA3 /* APICaller.swift */,
				275119BE2B4024FE00C25CA3 /* NetworkError.swift */,
				27A64A1A2B86D11A00C18F36 /* URLSessionProtocol.swift */,
				27A64A1C2B86D15D00C18F36 /* CachedDefaultConfig.swift */,
			);
			path = Networking;
			sourceTree = "<group>";
		};
		27A64A012B86539900C18F36 /* MainMovieCell */ = {
			isa = PBXGroup;
			children = (
				27A64A022B8653C700C18F36 /* MainMovieCell.swift */,
				27A64A032B8653C700C18F36 /* MainMovieCell.xib */,
			);
			path = MainMovieCell;
			sourceTree = "<group>";
		};
		27A64A122B86778D00C18F36 /* Frameworks */ = {
			isa = PBXGroup;
			children = (
			);
			name = Frameworks;
			sourceTree = "<group>";
		};
		27A64A172B86D00D00C18F36 /* Utils */ = {
			isa = PBXGroup;
			children = (
				27A64A182B86D07900C18F36 /* ImageFetcher.swift */,
			);
			path = Utils;
			sourceTree = "<group>";
		};
/* End PBXGroup section */

/* Begin PBXNativeTarget section */
		275119752B3ED80E00C25CA3 /* mlmoviesdb */ = {
			isa = PBXNativeTarget;
			buildConfigurationList = 275119A02B3ED81000C25CA3 /* Build configuration list for PBXNativeTarget "mlmoviesdb" */;
			buildPhases = (
				275119722B3ED80E00C25CA3 /* Sources */,
				275119732B3ED80E00C25CA3 /* Frameworks */,
				275119742B3ED80E00C25CA3 /* Resources */,
			);
			buildRules = (
			);
			dependencies = (
			);
			name = mlmoviesdb;
			packageProductDependencies = (
			);
			productName = mlmoviesdb;
			productReference = 275119762B3ED80E00C25CA3 /* mlmoviesdb.app */;
			productType = "com.apple.product-type.application";
		};
		2751198B2B3ED81000C25CA3 /* mlmoviesdbTests */ = {
			isa = PBXNativeTarget;
			buildConfigurationList = 275119A32B3ED81000C25CA3 /* Build configuration list for PBXNativeTarget "mlmoviesdbTests" */;
			buildPhases = (
				275119882B3ED81000C25CA3 /* Sources */,
				275119892B3ED81000C25CA3 /* Frameworks */,
				2751198A2B3ED81000C25CA3 /* Resources */,
			);
			buildRules = (
			);
			dependencies = (
				2751198E2B3ED81000C25CA3 /* PBXTargetDependency */,
			);
			name = mlmoviesdbTests;
			productName = mlmoviesdbTests;
			productReference = 2751198C2B3ED81000C25CA3 /* mlmoviesdbTests.xctest */;
			productType = "com.apple.product-type.bundle.unit-test";
		};
		275119952B3ED81000C25CA3 /* mlmoviesdbUITests */ = {
			isa = PBXNativeTarget;
			buildConfigurationList = 275119A62B3ED81000C25CA3 /* Build configuration list for PBXNativeTarget "mlmoviesdbUITests" */;
			buildPhases = (
				275119922B3ED81000C25CA3 /* Sources */,
				275119932B3ED81000C25CA3 /* Frameworks */,
				275119942B3ED81000C25CA3 /* Resources */,
			);
			buildRules = (
			);
			dependencies = (
				275119982B3ED81000C25CA3 /* PBXTargetDependency */,
			);
			name = mlmoviesdbUITests;
			productName = mlmoviesdbUITests;
			productReference = 275119962B3ED81000C25CA3 /* mlmoviesdbUITests.xctest */;
			productType = "com.apple.product-type.bundle.ui-testing";
		};
/* End PBXNativeTarget section */

/* Begin PBXProject section */
		2751196E2B3ED80E00C25CA3 /* Project object */ = {
			isa = PBXProject;
			attributes = {
				BuildIndependentTargetsInParallel = 1;
				LastSwiftUpdateCheck = 1430;
				LastUpgradeCheck = 1430;
				TargetAttributes = {
					275119752B3ED80E00C25CA3 = {
						CreatedOnToolsVersion = 14.3.1;
					};
					2751198B2B3ED81000C25CA3 = {
						CreatedOnToolsVersion = 14.3.1;
						TestTargetID = 275119752B3ED80E00C25CA3;
					};
					275119952B3ED81000C25CA3 = {
						CreatedOnToolsVersion = 14.3.1;
						TestTargetID = 275119752B3ED80E00C25CA3;
					};
				};
			};
			buildConfigurationList = 275119712B3ED80E00C25CA3 /* Build configuration list for PBXProject "mlmoviesdb" */;
			compatibilityVersion = "Xcode 14.0";
			developmentRegion = en;
			hasScannedForEncodings = 0;
			knownRegions = (
				en,
				Base,
			);
			mainGroup = 2751196D2B3ED80E00C25CA3;
			packageReferences = (
				27A649FC2B864E7700C18F36 /* XCRemoteSwiftPackageReference "SDWebImage" */,
			);
			productRefGroup = 275119772B3ED80E00C25CA3 /* Products */;
			projectDirPath = "";
			projectRoot = "";
			targets = (
				275119752B3ED80E00C25CA3 /* mlmoviesdb */,
				2751198B2B3ED81000C25CA3 /* mlmoviesdbTests */,
				275119952B3ED81000C25CA3 /* mlmoviesdbUITests */,
			);
		};
/* End PBXProject section */

/* Begin PBXResourcesBuildPhase section */
		275119742B3ED80E00C25CA3 /* Resources */ = {
			isa = PBXResourcesBuildPhase;
			buildActionMask = 2147483647;
			files = (
				275119862B3ED80F00C25CA3 /* LaunchScreen.storyboard in Resources */,
				275119AD2B3EE2D400C25CA3 /* MainViewController.xib in Resources */,
				275119832B3ED80F00C25CA3 /* Assets.xcassets in Resources */,
				27A64A052B8653C700C18F36 /* MainMovieCell.xib in Resources */,
			);
			runOnlyForDeploymentPostprocessing = 0;
		};
		2751198A2B3ED81000C25CA3 /* Resources */ = {
			isa = PBXResourcesBuildPhase;
			buildActionMask = 2147483647;
			files = (
			);
			runOnlyForDeploymentPostprocessing = 0;
		};
		275119942B3ED81000C25CA3 /* Resources */ = {
			isa = PBXResourcesBuildPhase;
			buildActionMask = 2147483647;
			files = (
			);
			runOnlyForDeploymentPostprocessing = 0;
		};
/* End PBXResourcesBuildPhase section */

/* Begin PBXSourcesBuildPhase section */
		275119722B3ED80E00C25CA3 /* Sources */ = {
			isa = PBXSourcesBuildPhase;
			buildActionMask = 2147483647;
			files = (
				27A64A1D2B86D15D00C18F36 /* CachedDefaultConfig.swift in Sources */,
				27A64A1B2B86D11A00C18F36 /* URLSessionProtocol.swift in Sources */,
				275119AC2B3EE2D400C25CA3 /* MainViewController.swift in Sources */,
				275119BF2B4024FE00C25CA3 /* NetworkError.swift in Sources */,
				27A64A072B86592200C18F36 /* UIViewExtension.swift in Sources */,
				275119BD2B4024D500C25CA3 /* APICaller.swift in Sources */,
				275119B72B3EFAF100C25CA3 /* MainViewController+TableView.swift in Sources */,
				2784AD6C2B4CCD3600084FBE /* Observable.swift in Sources */,
				27A64A042B8653C700C18F36 /* MainMovieCell.swift in Sources */,
				27A64A192B86D07900C18F36 /* ImageFetcher.swift in Sources */,
				275119BB2B40243E00C25CA3 /* NetworkConstant.swift in Sources */,
				27A64A092B866EF800C18F36 /* MovieTableCellViewModel.swift in Sources */,
				2751197A2B3ED80F00C25CA3 /* AppDelegate.swift in Sources */,
				275119B92B3F15CC00C25CA3 /* MainViewModel.swift in Sources */,
				275119C12B418FCC00C25CA3 /* TrendingMovieModel.swift in Sources */,
			);
			runOnlyForDeploymentPostprocessing = 0;
		};
		275119882B3ED81000C25CA3 /* Sources */ = {
			isa = PBXSourcesBuildPhase;
			buildActionMask = 2147483647;
			files = (
				275119912B3ED81000C25CA3 /* mlmoviesdbTests.swift in Sources */,
			);
			runOnlyForDeploymentPostprocessing = 0;
		};
		275119922B3ED81000C25CA3 /* Sources */ = {
			isa = PBXSourcesBuildPhase;
			buildActionMask = 2147483647;
			files = (
				2751199D2B3ED81000C25CA3 /* mlmoviesdbUITestsLaunchTests.swift in Sources */,
				2751199B2B3ED81000C25CA3 /* mlmoviesdbUITests.swift in Sources */,
			);
			runOnlyForDeploymentPostprocessing = 0;
		};
/* End PBXSourcesBuildPhase section */

/* Begin PBXTargetDependency section */
		2751198E2B3ED81000C25CA3 /* PBXTargetDependency */ = {
			isa = PBXTargetDependency;
			target = 275119752B3ED80E00C25CA3 /* mlmoviesdb */;
			targetProxy = 2751198D2B3ED81000C25CA3 /* PBXContainerItemProxy */;
		};
		275119982B3ED81000C25CA3 /* PBXTargetDependency */ = {
			isa = PBXTargetDependency;
			target = 275119752B3ED80E00C25CA3 /* mlmoviesdb */;
			targetProxy = 275119972B3ED81000C25CA3 /* PBXContainerItemProxy */;
		};
/* End PBXTargetDependency section */

/* Begin PBXVariantGroup section */
		275119842B3ED80F00C25CA3 /* LaunchScreen.storyboard */ = {
			isa = PBXVariantGroup;
			children = (
				275119852B3ED80F00C25CA3 /* Base */,
			);
			name = LaunchScreen.storyboard;
			sourceTree = "<group>";
		};
/* End PBXVariantGroup section */

/* Begin XCBuildConfiguration section */
		2751199E2B3ED81000C25CA3 /* Debug */ = {
			isa = XCBuildConfiguration;
			buildSettings = {
				ALWAYS_SEARCH_USER_PATHS = NO;
				CLANG_ANALYZER_NONNULL = YES;
				CLANG_ANALYZER_NUMBER_OBJECT_CONVERSION = YES_AGGRESSIVE;
				CLANG_CXX_LANGUAGE_STANDARD = "gnu++20";
				CLANG_ENABLE_MODULES = YES;
				CLANG_ENABLE_OBJC_ARC = YES;
				CLANG_ENABLE_OBJC_WEAK = YES;
				CLANG_WARN_BLOCK_CAPTURE_AUTORELEASING = YES;
				CLANG_WARN_BOOL_CONVERSION = YES;
				CLANG_WARN_COMMA = YES;
				CLANG_WARN_CONSTANT_CONVERSION = YES;
				CLANG_WARN_DEPRECATED_OBJC_IMPLEMENTATIONS = YES;
				CLANG_WARN_DIRECT_OBJC_ISA_USAGE = YES_ERROR;
				CLANG_WARN_DOCUMENTATION_COMMENTS = YES;
				CLANG_WARN_EMPTY_BODY = YES;
				CLANG_WARN_ENUM_CONVERSION = YES;
				CLANG_WARN_INFINITE_RECURSION = YES;
				CLANG_WARN_INT_CONVERSION = YES;
				CLANG_WARN_NON_LITERAL_NULL_CONVERSION = YES;
				CLANG_WARN_OBJC_IMPLICIT_RETAIN_SELF = YES;
				CLANG_WARN_OBJC_LITERAL_CONVERSION = YES;
				CLANG_WARN_OBJC_ROOT_CLASS = YES_ERROR;
				CLANG_WARN_QUOTED_INCLUDE_IN_FRAMEWORK_HEADER = YES;
				CLANG_WARN_RANGE_LOOP_ANALYSIS = YES;
				CLANG_WARN_STRICT_PROTOTYPES = YES;
				CLANG_WARN_SUSPICIOUS_MOVE = YES;
				CLANG_WARN_UNGUARDED_AVAILABILITY = YES_AGGRESSIVE;
				CLANG_WARN_UNREACHABLE_CODE = YES;
				CLANG_WARN__DUPLICATE_METHOD_MATCH = YES;
				COPY_PHASE_STRIP = NO;
				DEBUG_INFORMATION_FORMAT = dwarf;
				ENABLE_STRICT_OBJC_MSGSEND = YES;
				ENABLE_TESTABILITY = YES;
				GCC_C_LANGUAGE_STANDARD = gnu11;
				GCC_DYNAMIC_NO_PIC = NO;
				GCC_NO_COMMON_BLOCKS = YES;
				GCC_OPTIMIZATION_LEVEL = 0;
				GCC_PREPROCESSOR_DEFINITIONS = (
					"DEBUG=1",
					"$(inherited)",
				);
				GCC_WARN_64_TO_32_BIT_CONVERSION = YES;
				GCC_WARN_ABOUT_RETURN_TYPE = YES_ERROR;
				GCC_WARN_UNDECLARED_SELECTOR = YES;
				GCC_WARN_UNINITIALIZED_AUTOS = YES_AGGRESSIVE;
				GCC_WARN_UNUSED_FUNCTION = YES;
				GCC_WARN_UNUSED_VARIABLE = YES;
				IPHONEOS_DEPLOYMENT_TARGET = 16.4;
				MTL_ENABLE_DEBUG_INFO = INCLUDE_SOURCE;
				MTL_FAST_MATH = YES;
				ONLY_ACTIVE_ARCH = YES;
				SDKROOT = iphoneos;
				SWIFT_ACTIVE_COMPILATION_CONDITIONS = DEBUG;
				SWIFT_OPTIMIZATION_LEVEL = "-Onone";
			};
			name = Debug;
		};
		2751199F2B3ED81000C25CA3 /* Release */ = {
			isa = XCBuildConfiguration;
			buildSettings = {
				ALWAYS_SEARCH_USER_PATHS = NO;
				CLANG_ANALYZER_NONNULL = YES;
				CLANG_ANALYZER_NUMBER_OBJECT_CONVERSION = YES_AGGRESSIVE;
				CLANG_CXX_LANGUAGE_STANDARD = "gnu++20";
				CLANG_ENABLE_MODULES = YES;
				CLANG_ENABLE_OBJC_ARC = YES;
				CLANG_ENABLE_OBJC_WEAK = YES;
				CLANG_WARN_BLOCK_CAPTURE_AUTORELEASING = YES;
				CLANG_WARN_BOOL_CONVERSION = YES;
				CLANG_WARN_COMMA = YES;
				CLANG_WARN_CONSTANT_CONVERSION = YES;
				CLANG_WARN_DEPRECATED_OBJC_IMPLEMENTATIONS = YES;
				CLANG_WARN_DIRECT_OBJC_ISA_USAGE = YES_ERROR;
				CLANG_WARN_DOCUMENTATION_COMMENTS = YES;
				CLANG_WARN_EMPTY_BODY = YES;
				CLANG_WARN_ENUM_CONVERSION = YES;
				CLANG_WARN_INFINITE_RECURSION = YES;
				CLANG_WARN_INT_CONVERSION = YES;
				CLANG_WARN_NON_LITERAL_NULL_CONVERSION = YES;
				CLANG_WARN_OBJC_IMPLICIT_RETAIN_SELF = YES;
				CLANG_WARN_OBJC_LITERAL_CONVERSION = YES;
				CLANG_WARN_OBJC_ROOT_CLASS = YES_ERROR;
				CLANG_WARN_QUOTED_INCLUDE_IN_FRAMEWORK_HEADER = YES;
				CLANG_WARN_RANGE_LOOP_ANALYSIS = YES;
				CLANG_WARN_STRICT_PROTOTYPES = YES;
				CLANG_WARN_SUSPICIOUS_MOVE = YES;
				CLANG_WARN_UNGUARDED_AVAILABILITY = YES_AGGRESSIVE;
				CLANG_WARN_UNREACHABLE_CODE = YES;
				CLANG_WARN__DUPLICATE_METHOD_MATCH = YES;
				COPY_PHASE_STRIP = NO;
				DEBUG_INFORMATION_FORMAT = "dwarf-with-dsym";
				ENABLE_NS_ASSERTIONS = NO;
				ENABLE_STRICT_OBJC_MSGSEND = YES;
				GCC_C_LANGUAGE_STANDARD = gnu11;
				GCC_NO_COMMON_BLOCKS = YES;
				GCC_WARN_64_TO_32_BIT_CONVERSION = YES;
				GCC_WARN_ABOUT_RETURN_TYPE = YES_ERROR;
				GCC_WARN_UNDECLARED_SELECTOR = YES;
				GCC_WARN_UNINITIALIZED_AUTOS = YES_AGGRESSIVE;
				GCC_WARN_UNUSED_FUNCTION = YES;
				GCC_WARN_UNUSED_VARIABLE = YES;
				IPHONEOS_DEPLOYMENT_TARGET = 16.4;
				MTL_ENABLE_DEBUG_INFO = NO;
				MTL_FAST_MATH = YES;
				SDKROOT = iphoneos;
				SWIFT_COMPILATION_MODE = wholemodule;
				SWIFT_OPTIMIZATION_LEVEL = "-O";
				VALIDATE_PRODUCT = YES;
			};
			name = Release;
		};
		275119A12B3ED81000C25CA3 /* Debug */ = {
			isa = XCBuildConfiguration;
			buildSettings = {
				ASSETCATALOG_COMPILER_APPICON_NAME = AppIcon;
				ASSETCATALOG_COMPILER_GLOBAL_ACCENT_COLOR_NAME = AccentColor;
				CODE_SIGN_STYLE = Automatic;
				CURRENT_PROJECT_VERSION = 1;
				GENERATE_INFOPLIST_FILE = YES;
				INFOPLIST_FILE = mlmoviesdb/Info.plist;
				INFOPLIST_KEY_UIApplicationSupportsIndirectInputEvents = YES;
				INFOPLIST_KEY_UILaunchStoryboardName = LaunchScreen;
				INFOPLIST_KEY_UISupportedInterfaceOrientations_iPad = "UIInterfaceOrientationPortrait UIInterfaceOrientationPortraitUpsideDown UIInterfaceOrientationLandscapeLeft UIInterfaceOrientationLandscapeRight";
				INFOPLIST_KEY_UISupportedInterfaceOrientations_iPhone = "UIInterfaceOrientationPortrait UIInterfaceOrientationLandscapeLeft UIInterfaceOrientationLandscapeRight";
				LD_RUNPATH_SEARCH_PATHS = (
					"$(inherited)",
					"@executable_path/Frameworks",
				);
				MARKETING_VERSION = 1.0;
				PRODUCT_BUNDLE_IDENTIFIER = miguelloureiro.mlmoviesdb;
				PRODUCT_NAME = "$(TARGET_NAME)";
				SWIFT_EMIT_LOC_STRINGS = YES;
				SWIFT_VERSION = 5.0;
				TARGETED_DEVICE_FAMILY = "1,2";
			};
			name = Debug;
		};
		275119A22B3ED81000C25CA3 /* Release */ = {
			isa = XCBuildConfiguration;
			buildSettings = {
				ASSETCATALOG_COMPILER_APPICON_NAME = AppIcon;
				ASSETCATALOG_COMPILER_GLOBAL_ACCENT_COLOR_NAME = AccentColor;
				CODE_SIGN_STYLE = Automatic;
				CURRENT_PROJECT_VERSION = 1;
				GENERATE_INFOPLIST_FILE = YES;
				INFOPLIST_FILE = mlmoviesdb/Info.plist;
				INFOPLIST_KEY_UIApplicationSupportsIndirectInputEvents = YES;
				INFOPLIST_KEY_UILaunchStoryboardName = LaunchScreen;
				INFOPLIST_KEY_UISupportedInterfaceOrientations_iPad = "UIInterfaceOrientationPortrait UIInterfaceOrientationPortraitUpsideDown UIInterfaceOrientationLandscapeLeft UIInterfaceOrientationLandscapeRight";
				INFOPLIST_KEY_UISupportedInterfaceOrientations_iPhone = "UIInterfaceOrientationPortrait UIInterfaceOrientationLandscapeLeft UIInterfaceOrientationLandscapeRight";
				LD_RUNPATH_SEARCH_PATHS = (
					"$(inherited)",
					"@executable_path/Frameworks",
				);
				MARKETING_VERSION = 1.0;
				PRODUCT_BUNDLE_IDENTIFIER = miguelloureiro.mlmoviesdb;
				PRODUCT_NAME = "$(TARGET_NAME)";
				SWIFT_EMIT_LOC_STRINGS = YES;
				SWIFT_VERSION = 5.0;
				TARGETED_DEVICE_FAMILY = "1,2";
			};
			name = Release;
		};
		275119A42B3ED81000C25CA3 /* Debug */ = {
			isa = XCBuildConfiguration;
			buildSettings = {
				ALWAYS_EMBED_SWIFT_STANDARD_LIBRARIES = YES;
				BUNDLE_LOADER = "$(TEST_HOST)";
				CODE_SIGN_STYLE = Automatic;
				CURRENT_PROJECT_VERSION = 1;
				GENERATE_INFOPLIST_FILE = YES;
				IPHONEOS_DEPLOYMENT_TARGET = 16.4;
				MARKETING_VERSION = 1.0;
				PRODUCT_BUNDLE_IDENTIFIER = miguelloureiro.mlmoviesdbTests;
				PRODUCT_NAME = "$(TARGET_NAME)";
				SWIFT_EMIT_LOC_STRINGS = NO;
				SWIFT_VERSION = 5.0;
				TARGETED_DEVICE_FAMILY = "1,2";
				TEST_HOST = "$(BUILT_PRODUCTS_DIR)/mlmoviesdb.app/$(BUNDLE_EXECUTABLE_FOLDER_PATH)/mlmoviesdb";
			};
			name = Debug;
		};
		275119A52B3ED81000C25CA3 /* Release */ = {
			isa = XCBuildConfiguration;
			buildSettings = {
				ALWAYS_EMBED_SWIFT_STANDARD_LIBRARIES = YES;
				BUNDLE_LOADER = "$(TEST_HOST)";
				CODE_SIGN_STYLE = Automatic;
				CURRENT_PROJECT_VERSION = 1;
				GENERATE_INFOPLIST_FILE = YES;
				IPHONEOS_DEPLOYMENT_TARGET = 16.4;
				MARKETING_VERSION = 1.0;
				PRODUCT_BUNDLE_IDENTIFIER = miguelloureiro.mlmoviesdbTests;
				PRODUCT_NAME = "$(TARGET_NAME)";
				SWIFT_EMIT_LOC_STRINGS = NO;
				SWIFT_VERSION = 5.0;
				TARGETED_DEVICE_FAMILY = "1,2";
				TEST_HOST = "$(BUILT_PRODUCTS_DIR)/mlmoviesdb.app/$(BUNDLE_EXECUTABLE_FOLDER_PATH)/mlmoviesdb";
			};
			name = Release;
		};
		275119A72B3ED81000C25CA3 /* Debug */ = {
			isa = XCBuildConfiguration;
			buildSettings = {
				ALWAYS_EMBED_SWIFT_STANDARD_LIBRARIES = YES;
				CODE_SIGN_STYLE = Automatic;
				CURRENT_PROJECT_VERSION = 1;
				GENERATE_INFOPLIST_FILE = YES;
				MARKETING_VERSION = 1.0;
				PRODUCT_BUNDLE_IDENTIFIER = miguelloureiro.mlmoviesdbUITests;
				PRODUCT_NAME = "$(TARGET_NAME)";
				SWIFT_EMIT_LOC_STRINGS = NO;
				SWIFT_VERSION = 5.0;
				TARGETED_DEVICE_FAMILY = "1,2";
				TEST_TARGET_NAME = mlmoviesdb;
			};
			name = Debug;
		};
		275119A82B3ED81000C25CA3 /* Release */ = {
			isa = XCBuildConfiguration;
			buildSettings = {
				ALWAYS_EMBED_SWIFT_STANDARD_LIBRARIES = YES;
				CODE_SIGN_STYLE = Automatic;
				CURRENT_PROJECT_VERSION = 1;
				GENERATE_INFOPLIST_FILE = YES;
				MARKETING_VERSION = 1.0;
				PRODUCT_BUNDLE_IDENTIFIER = miguelloureiro.mlmoviesdbUITests;
				PRODUCT_NAME = "$(TARGET_NAME)";
				SWIFT_EMIT_LOC_STRINGS = NO;
				SWIFT_VERSION = 5.0;
				TARGETED_DEVICE_FAMILY = "1,2";
				TEST_TARGET_NAME = mlmoviesdb;
			};
			name = Release;
		};
/* End XCBuildConfiguration section */

/* Begin XCConfigurationList section */
		275119712B3ED80E00C25CA3 /* Build configuration list for PBXProject "mlmoviesdb" */ = {
			isa = XCConfigurationList;
			buildConfigurations = (
				2751199E2B3ED81000C25CA3 /* Debug */,
				2751199F2B3ED81000C25CA3 /* Release */,
			);
			defaultConfigurationIsVisible = 0;
			defaultConfigurationName = Release;
		};
		275119A02B3ED81000C25CA3 /* Build configuration list for PBXNativeTarget "mlmoviesdb" */ = {
			isa = XCConfigurationList;
			buildConfigurations = (
				275119A12B3ED81000C25CA3 /* Debug */,
				275119A22B3ED81000C25CA3 /* Release */,
			);
			defaultConfigurationIsVisible = 0;
			defaultConfigurationName = Release;
		};
		275119A32B3ED81000C25CA3 /* Build configuration list for PBXNativeTarget "mlmoviesdbTests" */ = {
			isa = XCConfigurationList;
			buildConfigurations = (
				275119A42B3ED81000C25CA3 /* Debug */,
				275119A52B3ED81000C25CA3 /* Release */,
			);
			defaultConfigurationIsVisible = 0;
			defaultConfigurationName = Release;
		};
		275119A62B3ED81000C25CA3 /* Build configuration list for PBXNativeTarget "mlmoviesdbUITests" */ = {
			isa = XCConfigurationList;
			buildConfigurations = (
				275119A72B3ED81000C25CA3 /* Debug */,
				275119A82B3ED81000C25CA3 /* Release */,
			);
			defaultConfigurationIsVisible = 0;
			defaultConfigurationName = Release;
		};
/* End XCConfigurationList section */

/* Begin XCRemoteSwiftPackageReference section */
		27A649FC2B864E7700C18F36 /* XCRemoteSwiftPackageReference "SDWebImage" */ = {
			isa = XCRemoteSwiftPackageReference;
			repositoryURL = "https://github.com/SDWebImage/SDWebImage";
			requirement = {
				kind = upToNextMajorVersion;
				minimumVersion = 5.18.11;
			};
		};
/* End XCRemoteSwiftPackageReference section */
	};
	rootObject = 2751196E2B3ED80E00C25CA3 /* Project object */;
}
